
Microsoft Visual Studio Solution File, Format Version 12.00
# Visual Studio Version 17
VisualStudioVersion = 17.9.34518.117
MinimumVisualStudioVersion = 10.0.40219.1
Project("{888888A0-9F3D-457C-B088-3A5042F75D52}") = "testcrypto", "testcrypto.pyproj", "{A94A1D90-E1CD-4F0E-92F0-573F4806216E}"
EndProject
Global
	GlobalSection(SolutionConfigurationPlatforms) = preSolution
		Debug|Any CPU = Debug|Any CPU
		Release|Any CPU = Release|Any CPU
	EndGlobalSection
	GlobalSection(ProjectConfigurationPlatforms) = postSolution
		{A94A1D90-E1CD-4F0E-92F0-573F4806216E}.Debug|Any CPU.ActiveCfg = Debug|Any CPU
		{A94A1D90-E1CD-4F0E-92F0-573F4806216E}.Release|Any CPU.ActiveCfg = Release|Any CPU
	EndGlobalSection
	GlobalSection(SolutionProperties) = preSolution
		HideSolutionNode = FALSE
	EndGlobalSection
	GlobalSection(ExtensibilityGlobals) = postSolution
		SolutionGuid = {C2E86C73-9C2E-4112-B146-52E0FD0BCF06}
	EndGlobalSection
EndGlobal
